#MicroXplorer Configuration settings - do not modify
ADC1.Channel-0\#ChannelRegularConversion=ADC_CHANNEL_2
ADC1.IPParameters=Rank-0\#ChannelRegularConversion,master,Channel-0\#ChannelRegularConversion,SamplingTime-0\#ChannelRegularConversion,NbrOfConversionFlag
ADC1.NbrOfConversionFlag=1
ADC1.Rank-0\#ChannelRegularConversion=1
ADC1.SamplingTime-0\#ChannelRegularConversion=ADC_SAMPLETIME_480CYCLES
ADC1.master=1
CAD.formats=
CAD.pinconfig=
CAD.provider=
Dma.I2S2_EXT_RX.0.Direction=DMA_PERIPH_TO_MEMORY
Dma.I2S2_EXT_RX.0.FIFOMode=DMA_FIFOMODE_ENABLE
Dma.I2S2_EXT_RX.0.FIFOThreshold=DMA_FIFO_THRESHOLD_FULL
Dma.I2S2_EXT_RX.0.Instance=DMA1_Stream3
Dma.I2S2_EXT_RX.0.MemBurst=DMA_MBURST_INC8
Dma.I2S2_EXT_RX.0.MemDataAlignment=DMA_MDATAALIGN_HALFWORD
Dma.I2S2_EXT_RX.0.MemInc=DMA_MINC_ENABLE
Dma.I2S2_EXT_RX.0.Mode=DMA_CIRCULAR
Dma.I2S2_EXT_RX.0.PeriphBurst=DMA_PBURST_SINGLE
Dma.I2S2_EXT_RX.0.PeriphDataAlignment=DMA_PDATAALIGN_HALFWORD
Dma.I2S2_EXT_RX.0.PeriphInc=DMA_PINC_DISABLE
Dma.I2S2_EXT_RX.0.Priority=DMA_PRIORITY_VERY_HIGH
Dma.I2S2_EXT_RX.0.RequestParameters=Instance,Direction,PeriphInc,MemInc,PeriphDataAlignment,MemDataAlignment,Mode,Priority,FIFOMode,FIFOThreshold,MemBurst,PeriphBurst
Dma.Request0=I2S2_EXT_RX
Dma.Request1=SPI2_TX
Dma.Request2=SPI1_TX
Dma.RequestsNb=3
Dma.SPI1_TX.2.Direction=DMA_MEMORY_TO_PERIPH
Dma.SPI1_TX.2.FIFOMode=DMA_FIFOMODE_DISABLE
Dma.SPI1_TX.2.Instance=DMA2_Stream2
Dma.SPI1_TX.2.MemDataAlignment=DMA_MDATAALIGN_HALFWORD
Dma.SPI1_TX.2.MemInc=DMA_MINC_ENABLE
Dma.SPI1_TX.2.Mode=DMA_NORMAL
Dma.SPI1_TX.2.PeriphDataAlignment=DMA_PDATAALIGN_HALFWORD
Dma.SPI1_TX.2.PeriphInc=DMA_PINC_DISABLE
Dma.SPI1_TX.2.Priority=DMA_PRIORITY_LOW
Dma.SPI1_TX.2.RequestParameters=Instance,Direction,PeriphInc,MemInc,PeriphDataAlignment,MemDataAlignment,Mode,Priority,FIFOMode
Dma.SPI2_TX.1.Direction=DMA_MEMORY_TO_PERIPH
Dma.SPI2_TX.1.FIFOMode=DMA_FIFOMODE_ENABLE
Dma.SPI2_TX.1.FIFOThreshold=DMA_FIFO_THRESHOLD_FULL
Dma.SPI2_TX.1.Instance=DMA1_Stream4
Dma.SPI2_TX.1.MemBurst=DMA_MBURST_INC8
Dma.SPI2_TX.1.MemDataAlignment=DMA_MDATAALIGN_HALFWORD
Dma.SPI2_TX.1.MemInc=DMA_MINC_ENABLE
Dma.SPI2_TX.1.Mode=DMA_CIRCULAR
Dma.SPI2_TX.1.PeriphBurst=DMA_PBURST_SINGLE
Dma.SPI2_TX.1.PeriphDataAlignment=DMA_PDATAALIGN_HALFWORD
Dma.SPI2_TX.1.PeriphInc=DMA_PINC_DISABLE
Dma.SPI2_TX.1.Priority=DMA_PRIORITY_VERY_HIGH
Dma.SPI2_TX.1.RequestParameters=Instance,Direction,PeriphInc,MemInc,PeriphDataAlignment,MemDataAlignment,Mode,Priority,FIFOMode,FIFOThreshold,MemBurst,PeriphBurst
File.Version=6
GPIO.groupedBy=Group By Peripherals
I2S2.AudioFreq=I2S_AUDIOFREQ_96K
I2S2.ErrorAudioFreq=0.0 %
I2S2.FullDuplexMode=I2S_FULLDUPLEXMODE_ENABLE
I2S2.IPParameters=Instance,VirtualMode,FullDuplexMode,RealAudioFreq,ErrorAudioFreq,AudioFreq
I2S2.Instance=SPI$Index
I2S2.RealAudioFreq=96.0 KHz
I2S2.VirtualMode=I2S_MODE_MASTER
KeepUserPlacement=false
Mcu.CPN=STM32F411CEU6
Mcu.Family=STM32F4
Mcu.IP0=ADC1
Mcu.IP1=DMA
Mcu.IP10=TIM2
Mcu.IP2=I2C1
Mcu.IP3=I2C3
Mcu.IP4=I2S2
Mcu.IP5=NVIC
Mcu.IP6=RCC
Mcu.IP7=RTC
Mcu.IP8=SPI1
Mcu.IP9=SYS
Mcu.IPNb=11
Mcu.Name=STM32F411C(C-E)Ux
Mcu.Package=UFQFPN48
Mcu.Pin0=PC13-ANTI_TAMP
Mcu.Pin1=PC14-OSC32_IN
Mcu.Pin10=PA5
Mcu.Pin11=PA6
Mcu.Pin12=PA7
Mcu.Pin13=PB0
Mcu.Pin14=PB1
Mcu.Pin15=PB2
Mcu.Pin16=PB10
Mcu.Pin17=PB12
Mcu.Pin18=PB13
Mcu.Pin19=PB14
Mcu.Pin2=PC15-OSC32_OUT
Mcu.Pin20=PB15
Mcu.Pin21=PA8
Mcu.Pin22=PA9
Mcu.Pin23=PA10
Mcu.Pin24=PA13
Mcu.Pin25=PA14
Mcu.Pin26=PA15
Mcu.Pin27=PB3
Mcu.Pin28=PB4
Mcu.Pin29=PB5
Mcu.Pin3=PH0 - OSC_IN
Mcu.Pin30=PB6
Mcu.Pin31=PB7
Mcu.Pin32=PB8
Mcu.Pin33=PB9
Mcu.Pin34=VP_RTC_VS_RTC_Activate
Mcu.Pin35=VP_RTC_VS_RTC_Calendar
Mcu.Pin36=VP_SYS_VS_Systick
Mcu.Pin4=PH1 - OSC_OUT
Mcu.Pin5=PA0-WKUP
Mcu.Pin6=PA1
Mcu.Pin7=PA2
Mcu.Pin8=PA3
Mcu.Pin9=PA4
Mcu.PinsNb=37
Mcu.ThirdPartyNb=0
Mcu.UserConstants=
Mcu.UserName=STM32F411CEUx
MxCube.Version=6.12.0
MxDb.Version=DB.6.0.120
NVIC.ADC_IRQn=true\:4\:0\:true\:false\:true\:true\:true\:true
NVIC.BusFault_IRQn=true\:0\:0\:false\:false\:true\:false\:false\:false
NVIC.DMA1_Stream3_IRQn=true\:0\:0\:false\:false\:true\:false\:true\:true
NVIC.DMA1_Stream4_IRQn=true\:0\:0\:false\:false\:true\:false\:true\:true
NVIC.DMA2_Stream2_IRQn=true\:4\:0\:true\:false\:true\:false\:true\:true
NVIC.DebugMonitor_IRQn=true\:0\:0\:false\:false\:true\:false\:false\:false
NVIC.EXTI15_10_IRQn=true\:3\:0\:true\:false\:true\:true\:true\:true
NVIC.EXTI9_5_IRQn=true\:3\:0\:true\:false\:true\:true\:true\:true
NVIC.ForceEnableDMAVector=true
NVIC.HardFault_IRQn=true\:0\:0\:false\:false\:true\:false\:false\:false
NVIC.MemoryManagement_IRQn=true\:0\:0\:false\:false\:true\:false\:false\:false
NVIC.NonMaskableInt_IRQn=true\:0\:0\:false\:false\:true\:false\:false\:false
NVIC.PendSV_IRQn=true\:0\:0\:false\:false\:true\:false\:false\:false
NVIC.PriorityGroup=NVIC_PRIORITYGROUP_4
NVIC.SVCall_IRQn=true\:0\:0\:false\:false\:true\:false\:false\:false
NVIC.SysTick_IRQn=true\:15\:0\:false\:false\:true\:false\:true\:false
NVIC.UsageFault_IRQn=true\:0\:0\:false\:false\:true\:false\:false\:false
PA0-WKUP.GPIOParameters=GPIO_Speed,GPIO_Label
PA0-WKUP.GPIO_Label=S2
PA0-WKUP.GPIO_Speed=GPIO_SPEED_FREQ_HIGH
PA0-WKUP.Signal=GPIO_Output
PA1.GPIOParameters=GPIO_Speed,GPIO_Label
PA1.GPIO_Label=S1
PA1.GPIO_Speed=GPIO_SPEED_FREQ_HIGH
PA1.Signal=GPIO_Output
PA10.GPIOParameters=GPIO_PuPd,GPIO_Label
PA10.GPIO_Label=KEY_DIT
PA10.GPIO_PuPd=GPIO_PULLUP
PA10.Signal=GPXTI10
PA13.Mode=Serial_Wire
PA13.Signal=SYS_JTMS-SWDIO
PA14.Mode=Serial_Wire
PA14.Signal=SYS_JTCK-SWCLK
PA15.GPIOParameters=GPIO_PuPd
PA15.GPIO_PuPd=GPIO_PULLUP
PA15.Signal=S_TIM2_CH1_ETR
PA2.GPIOParameters=GPIO_Label
PA2.GPIO_Label=KEYB
PA2.Signal=ADCx_IN2
PA3.GPIOParameters=GPIO_Speed,PinState,GPIO_Label
PA3.GPIO_Label=QSE_EN
PA3.GPIO_Speed=GPIO_SPEED_FREQ_HIGH
PA3.PinState=GPIO_PIN_SET
PA3.Signal=GPIO_Output
PA4.GPIOParameters=GPIO_Speed,PinState,GPIO_Label
PA4.GPIO_Label=QSD_EN
PA4.GPIO_Speed=GPIO_SPEED_FREQ_HIGH
PA4.PinState=GPIO_PIN_SET
PA4.Signal=GPIO_Output
PA5.Mode=TX_Only_Simplex_Unidirect_Master
PA5.Signal=SPI1_SCK
PA6.Mode=Master_Clock_Activated
PA6.Signal=I2S2_MCK
PA7.Mode=TX_Only_Simplex_Unidirect_Master
PA7.Signal=SPI1_MOSI
PA8.GPIOParameters=GPIO_Label
PA8.GPIO_Label=I2C3_SCL
PA8.Mode=I2C
PA8.Signal=I2C3_SCL
PA9.GPIOParameters=GPIO_PuPd,GPIO_Label
PA9.GPIO_Label=KEY_DAH
PA9.GPIO_PuPd=GPIO_PULLUP
PA9.Signal=GPXTI9
PB0.GPIOParameters=GPIO_Speed,PinState,GPIO_Label
PB0.GPIO_Label=ILI9341_DC
PB0.GPIO_Speed=GPIO_SPEED_FREQ_HIGH
PB0.PinState=GPIO_PIN_SET
PB0.Signal=GPIO_Output
PB1.GPIOParameters=GPIO_Speed,PinState,GPIO_Label
PB1.GPIO_Label=ILI9341_CS
PB1.GPIO_Speed=GPIO_SPEED_FREQ_HIGH
PB1.PinState=GPIO_PIN_SET
PB1.Signal=GPIO_Output
PB10.GPIOParameters=GPIO_Speed,GPIO_Label
PB10.GPIO_Label=ILI9341_LED
PB10.GPIO_Speed=GPIO_SPEED_FREQ_HIGH
PB10.Signal=GPIO_Output
PB12.Mode=Full_Duplex_Master
PB12.Signal=I2S2_WS
PB13.Mode=Full_Duplex_Master
PB13.Signal=I2S2_CK
PB14.Mode=Full_Duplex_Master
PB14.Signal=I2S2_ext_SD
PB15.Mode=Full_Duplex_Master
PB15.Signal=I2S2_SD
PB2.GPIOParameters=GPIO_Speed,PinState,GPIO_Label
PB2.GPIO_Label=ILI9341_RES
PB2.GPIO_Speed=GPIO_SPEED_FREQ_HIGH
PB2.PinState=GPIO_PIN_SET
PB2.Signal=GPIO_Output
PB3.GPIOParameters=GPIO_PuPd
PB3.GPIO_PuPd=GPIO_PULLUP
PB3.Signal=S_TIM2_CH2
PB4.GPIOParameters=GPIO_Label
PB4.GPIO_Label=I2C3_SDA
PB4.Mode=I2C
PB4.Signal=I2C3_SDA
PB5.GPIOParameters=GPIO_Speed,PinState,GPIO_Label
PB5.GPIO_Label=I2S2_RES
PB5.GPIO_Speed=GPIO_SPEED_FREQ_HIGH
PB5.PinState=GPIO_PIN_SET
PB5.Signal=GPIO_Output
PB6.GPIOParameters=GPIO_Speed,PinState,GPIO_Label
PB6.GPIO_Label=TX
PB6.GPIO_Speed=GPIO_SPEED_FREQ_HIGH
PB6.PinState=GPIO_PIN_SET
PB6.Signal=GPIO_Output
PB7.Locked=true
PB7.Signal=GPIO_Analog
PB8.GPIOParameters=GPIO_Label
PB8.GPIO_Label=I2C1_SCL
PB8.Mode=I2C
PB8.Signal=I2C1_SCL
PB9.GPIOParameters=GPIO_Label,GPIO_Pu
PB9.GPIO_Label=I2C1_SDA
PB9.GPIO_Pu=GPIO_NOPULL
PB9.Mode=I2C
PB9.Signal=I2C1_SDA
PC13-ANTI_TAMP.Locked=true
PC13-ANTI_TAMP.Signal=GPIO_Analog
PC14-OSC32_IN.Mode=LSE-External-Oscillator
PC14-OSC32_IN.Signal=RCC_OSC32_IN
PC15-OSC32_OUT.Mode=LSE-External-Oscillator
PC15-OSC32_OUT.Signal=RCC_OSC32_OUT
PH0\ -\ OSC_IN.Mode=HSE-External-Clock-Source
PH0\ -\ OSC_IN.Signal=RCC_OSC_IN
PH1\ -\ OSC_OUT.Mode=HSE-External-Clock-Source
PH1\ -\ OSC_OUT.Signal=RCC_OSC_OUT
PinOutPanel.RotationAngle=0
ProjectManager.AskForMigrate=true
ProjectManager.BackupPrevious=false
ProjectManager.CompilerOptimize=6
ProjectManager.ComputerToolchain=false
ProjectManager.CoupleFile=false
ProjectManager.CustomerFirmwarePackage=
ProjectManager.DefaultFWLocation=true
ProjectManager.DeletePrevious=true
ProjectManager.DeviceId=STM32F411CEUx
ProjectManager.FirmwarePackage=STM32Cube FW_F4 V1.28.1
ProjectManager.FreePins=false
ProjectManager.HalAssertFull=false
ProjectManager.HeapSize=0x0
ProjectManager.KeepUserCode=true
ProjectManager.LastFirmware=false
ProjectManager.LibraryCopy=1
ProjectManager.MainLocation=Core/Src
ProjectManager.NoMain=false
ProjectManager.PreviousToolchain=STM32CubeIDE
ProjectManager.ProjectBuild=false
ProjectManager.ProjectFileName=selenite-lite.ioc
ProjectManager.ProjectName=selenite-lite
ProjectManager.ProjectStructure=
ProjectManager.RegisterCallBack=
ProjectManager.StackSize=0x400
ProjectManager.TargetToolchain=MDK-ARM V5.32
ProjectManager.ToolChainLocation=
ProjectManager.UAScriptAfterPath=
ProjectManager.UAScriptBeforePath=
ProjectManager.UnderRoot=false
ProjectManager.functionlistsort=1-SystemClock_Config-RCC-false-HAL-false,2-MX_GPIO_Init-GPIO-false-HAL-true,3-MX_DMA_Init-DMA-false-HAL-true,4-MX_ADC1_Init-ADC1-false-HAL-true,5-MX_I2C1_Init-I2C1-false-HAL-true,6-MX_I2C3_Init-I2C3-false-HAL-true,7-MX_I2S2_Init-I2S2-false-HAL-true,8-MX_RTC_Init-RTC-false-HAL-true,9-MX_TIM2_Init-TIM2-false-HAL-true,10-MX_SPI1_Init-SPI1-false-HAL-true
RCC.48MHZClocksFreq_Value=48000000
RCC.AHBFreq_Value=96000000
RCC.APB1CLKDivider=RCC_HCLK_DIV2
RCC.APB1Freq_Value=48000000
RCC.APB1TimFreq_Value=96000000
RCC.APB2Freq_Value=96000000
RCC.APB2TimFreq_Value=96000000
RCC.CortexFreq_Value=96000000
RCC.DATA_CACHE_ENABLE=1
RCC.EthernetFreq_Value=96000000
RCC.FCLKCortexFreq_Value=96000000
RCC.FamilyName=M
RCC.HCLKFreq_Value=96000000
RCC.HSE_VALUE=24576000
RCC.HSI_VALUE=16000000
RCC.I2SClocksFreq_Value=98304000
RCC.INSTRUCTION_CACHE_ENABLE=1
RCC.IPParameters=48MHZClocksFreq_Value,AHBFreq_Value,APB1CLKDivider,APB1Freq_Value,APB1TimFreq_Value,APB2Freq_Value,APB2TimFreq_Value,CortexFreq_Value,DATA_CACHE_ENABLE,EthernetFreq_Value,FCLKCortexFreq_Value,FamilyName,HCLKFreq_Value,HSE_VALUE,HSI_VALUE,I2SClocksFreq_Value,INSTRUCTION_CACHE_ENABLE,LSI_VALUE,PLLCLKFreq_Value,PLLI2SN,PLLN,PLLQCLKFreq_Value,PLLSourceVirtual,PREFETCH_ENABLE,PWR_Regulator_Voltage_Scale,RCC_RTC_Clock_SourceVirtual,RTCFreq_Value,RTCHSEDivFreq_Value,SYSCLKFreq_VALUE,SYSCLKSource,VCOI2SOutputFreq_Value,VCOInputFreq_Value,VCOInputMFreq_Value,VCOOutputFreq_Value,VcooutputI2S
RCC.LSI_VALUE=32000
RCC.PLLCLKFreq_Value=96000000
RCC.PLLI2SN=128
RCC.PLLN=125
RCC.PLLQCLKFreq_Value=48000000
RCC.PLLSourceVirtual=RCC_PLLSOURCE_HSE
RCC.PREFETCH_ENABLE=1
RCC.PWR_Regulator_Voltage_Scale=PWR_REGULATOR_VOLTAGE_SCALE1
RCC.RCC_RTC_Clock_SourceVirtual=RCC_RTCCLKSOURCE_LSE
RCC.RTCFreq_Value=32768
RCC.RTCHSEDivFreq_Value=12288000
RCC.SYSCLKFreq_VALUE=96000000
RCC.SYSCLKSource=RCC_SYSCLKSOURCE_PLLCLK
RCC.VCOI2SOutputFreq_Value=196608000
RCC.VCOInputFreq_Value=1536000
RCC.VCOInputMFreq_Value=1536000
RCC.VCOOutputFreq_Value=192000000
RCC.VcooutputI2S=98304000
SH.ADCx_IN2.0=ADC1_IN2,IN2
SH.ADCx_IN2.ConfNb=1
SH.GPXTI10.0=GPIO_EXTI10
SH.GPXTI10.ConfNb=1
SH.GPXTI9.0=GPIO_EXTI9
SH.GPXTI9.ConfNb=1
SH.S_TIM2_CH1_ETR.0=TIM2_CH1,Encoder_Interface
SH.S_TIM2_CH1_ETR.ConfNb=1
SH.S_TIM2_CH2.0=TIM2_CH2,Encoder_Interface
SH.S_TIM2_CH2.ConfNb=1
SPI1.BaudRatePrescaler=SPI_BAUDRATEPRESCALER_2
SPI1.CalculateBaudRate=48.0 MBits/s
SPI1.DataSize=SPI_DATASIZE_16BIT
SPI1.Direction=SPI_DIRECTION_2LINES
SPI1.IPParameters=VirtualType,Mode,Direction,CalculateBaudRate,BaudRatePrescaler,DataSize
SPI1.Mode=SPI_MODE_MASTER
SPI1.VirtualType=VM_MASTER
TIM2.EncoderMode=TIM_ENCODERMODE_TI12
TIM2.IPParameters=EncoderMode
VP_RTC_VS_RTC_Activate.Mode=RTC_Enabled
VP_RTC_VS_RTC_Activate.Signal=RTC_VS_RTC_Activate
VP_RTC_VS_RTC_Calendar.Mode=RTC_Calendar
VP_RTC_VS_RTC_Calendar.Signal=RTC_VS_RTC_Calendar
VP_SYS_VS_Systick.Mode=SysTick
VP_SYS_VS_Systick.Signal=SYS_VS_Systick
board=custom
